// !$*UTF8*$!
{
	archiveVersion = 1;
	classes = {
	};
	objectVersion = 56;
	objects = {

/* Begin PBXBuildFile section */
		CE4222D62C98564100A6ECD8 /* .gitignore in Resources */ = {isa = PBXBuildFile; fileRef = CE4222D52C98564100A6ECD8 /* .gitignore */; };
		CE95327B2C9829E50097F670 /* profile42App.swift in Sources */ = {isa = PBXBuildFile; fileRef = CE95327A2C9829E50097F670 /* profile42App.swift */; };
		CE95327D2C9829E50097F670 /* ContentView.swift in Sources */ = {isa = PBXBuildFile; fileRef = CE95327C2C9829E50097F670 /* ContentView.swift */; };
		CE95327F2C9829E60097F670 /* Assets.xcassets in Resources */ = {isa = PBXBuildFile; fileRef = CE95327E2C9829E60097F670 /* Assets.xcassets */; };
		CE9532822C9829E60097F670 /* Preview Assets.xcassets in Resources */ = {isa = PBXBuildFile; fileRef = CE9532812C9829E60097F670 /* Preview Assets.xcassets */; };
		CE95328C2C9829E60097F670 /* profile42Tests.swift in Sources */ = {isa = PBXBuildFile; fileRef = CE95328B2C9829E60097F670 /* profile42Tests.swift */; };
		CE9532962C9829E60097F670 /* profile42UITests.swift in Sources */ = {isa = PBXBuildFile; fileRef = CE9532952C9829E60097F670 /* profile42UITests.swift */; };
		CE9532982C9829E60097F670 /* profile42UITestsLaunchTests.swift in Sources */ = {isa = PBXBuildFile; fileRef = CE9532972C9829E60097F670 /* profile42UITestsLaunchTests.swift */; };
		CE9532A92C982F7C0097F670 /* AuthManager.swift in Sources */ = {isa = PBXBuildFile; fileRef = CE9532A82C982F7C0097F670 /* AuthManager.swift */; };
		CE9532AB2C982F980097F670 /* AuthResponse.swift in Sources */ = {isa = PBXBuildFile; fileRef = CE9532AA2C982F980097F670 /* AuthResponse.swift */; };
		CE9532AD2C982FF00097F670 /* AuthViewController.swift in Sources */ = {isa = PBXBuildFile; fileRef = CE9532AC2C982FF00097F670 /* AuthViewController.swift */; };
		CE9532B02C984FF20097F670 /* API-Info.plist in Resources */ = {isa = PBXBuildFile; fileRef = CE9532AF2C984FF20097F670 /* API-Info.plist */; };
/* End PBXBuildFile section */

/* Begin PBXContainerItemProxy section */
		CE9532882C9829E60097F670 /* PBXContainerItemProxy */ = {
			isa = PBXContainerItemProxy;
			containerPortal = CE95326F2C9829E50097F670 /* Project object */;
			proxyType = 1;
			remoteGlobalIDString = CE9532762C9829E50097F670;
			remoteInfo = profile42;
		};
		CE9532922C9829E60097F670 /* PBXContainerItemProxy */ = {
			isa = PBXContainerItemProxy;
			containerPortal = CE95326F2C9829E50097F670 /* Project object */;
			proxyType = 1;
			remoteGlobalIDString = CE9532762C9829E50097F670;
			remoteInfo = profile42;
		};
/* End PBXContainerItemProxy section */

/* Begin PBXFileReference section */
		CE4222D52C98564100A6ECD8 /* .gitignore */ = {isa = PBXFileReference; lastKnownFileType = text; path = .gitignore; sourceTree = "<group>"; };
		CE9532772C9829E50097F670 /* profile42.app */ = {isa = PBXFileReference; explicitFileType = wrapper.application; includeInIndex = 0; path = profile42.app; sourceTree = BUILT_PRODUCTS_DIR; };
		CE95327A2C9829E50097F670 /* profile42App.swift */ = {isa = PBXFileReference; lastKnownFileType = sourcecode.swift; path = profile42App.swift; sourceTree = "<group>"; };
		CE95327C2C9829E50097F670 /* ContentView.swift */ = {isa = PBXFileReference; lastKnownFileType = sourcecode.swift; path = ContentView.swift; sourceTree = "<group>"; };
		CE95327E2C9829E60097F670 /* Assets.xcassets */ = {isa = PBXFileReference; lastKnownFileType = folder.assetcatalog; path = Assets.xcassets; sourceTree = "<group>"; };
		CE9532812C9829E60097F670 /* Preview Assets.xcassets */ = {isa = PBXFileReference; lastKnownFileType = folder.assetcatalog; path = "Preview Assets.xcassets"; sourceTree = "<group>"; };
		CE9532872C9829E60097F670 /* profile42Tests.xctest */ = {isa = PBXFileReference; explicitFileType = wrapper.cfbundle; includeInIndex = 0; path = profile42Tests.xctest; sourceTree = BUILT_PRODUCTS_DIR; };
		CE95328B2C9829E60097F670 /* profile42Tests.swift */ = {isa = PBXFileReference; lastKnownFileType = sourcecode.swift; path = profile42Tests.swift; sourceTree = "<group>"; };
		CE9532912C9829E60097F670 /* profile42UITests.xctest */ = {isa = PBXFileReference; explicitFileType = wrapper.cfbundle; includeInIndex = 0; path = profile42UITests.xctest; sourceTree = BUILT_PRODUCTS_DIR; };
		CE9532952C9829E60097F670 /* profile42UITests.swift */ = {isa = PBXFileReference; lastKnownFileType = sourcecode.swift; path = profile42UITests.swift; sourceTree = "<group>"; };
		CE9532972C9829E60097F670 /* profile42UITestsLaunchTests.swift */ = {isa = PBXFileReference; lastKnownFileType = sourcecode.swift; path = profile42UITestsLaunchTests.swift; sourceTree = "<group>"; };
		CE9532A82C982F7C0097F670 /* AuthManager.swift */ = {isa = PBXFileReference; lastKnownFileType = sourcecode.swift; path = AuthManager.swift; sourceTree = "<group>"; };
		CE9532AA2C982F980097F670 /* AuthResponse.swift */ = {isa = PBXFileReference; lastKnownFileType = sourcecode.swift; path = AuthResponse.swift; sourceTree = "<group>"; };
		CE9532AC2C982FF00097F670 /* AuthViewController.swift */ = {isa = PBXFileReference; lastKnownFileType = sourcecode.swift; path = AuthViewController.swift; sourceTree = "<group>"; };
		CE9532AE2C9837FE0097F670 /* Info.plist */ = {isa = PBXFileReference; lastKnownFileType = text.plist; path = Info.plist; sourceTree = "<group>"; };
		CE9532AF2C984FF20097F670 /* API-Info.plist */ = {isa = PBXFileReference; lastKnownFileType = text.plist.xml; path = "API-Info.plist"; sourceTree = "<group>"; };
/* End PBXFileReference section */

/* Begin PBXFrameworksBuildPhase section */
		CE9532742C9829E50097F670 /* Frameworks */ = {
			isa = PBXFrameworksBuildPhase;
			buildActionMask = 2147483647;
			files = (
			);
			runOnlyForDeploymentPostprocessing = 0;
		};
		CE9532842C9829E60097F670 /* Frameworks */ = {
			isa = PBXFrameworksBuildPhase;
			buildActionMask = 2147483647;
			files = (
			);
			runOnlyForDeploymentPostprocessing = 0;
		};
		CE95328E2C9829E60097F670 /* Frameworks */ = {
			isa = PBXFrameworksBuildPhase;
			buildActionMask = 2147483647;
			files = (
			);
			runOnlyForDeploymentPostprocessing = 0;
		};
/* End PBXFrameworksBuildPhase section */

/* Begin PBXGroup section */
		CE95326E2C9829E50097F670 = {
			isa = PBXGroup;
			children = (
				CE4222D52C98564100A6ECD8 /* .gitignore */,
				CE9532792C9829E50097F670 /* profile42 */,
				CE95328A2C9829E60097F670 /* profile42Tests */,
				CE9532942C9829E60097F670 /* profile42UITests */,
				CE9532782C9829E50097F670 /* Products */,
			);
			sourceTree = "<group>";
		};
		CE9532782C9829E50097F670 /* Products */ = {
			isa = PBXGroup;
			children = (
				CE9532772C9829E50097F670 /* profile42.app */,
				CE9532872C9829E60097F670 /* profile42Tests.xctest */,
				CE9532912C9829E60097F670 /* profile42UITests.xctest */,
			);
			name = Products;
			sourceTree = "<group>";
		};
		CE9532792C9829E50097F670 /* profile42 */ = {
			isa = PBXGroup;
			children = (
				CE9532AE2C9837FE0097F670 /* Info.plist */,
				CE95327A2C9829E50097F670 /* profile42App.swift */,
				CE95327C2C9829E50097F670 /* ContentView.swift */,
				CE9532AF2C984FF20097F670 /* API-Info.plist */,
				CE9532A82C982F7C0097F670 /* AuthManager.swift */,
				CE9532AA2C982F980097F670 /* AuthResponse.swift */,
				CE9532AC2C982FF00097F670 /* AuthViewController.swift */,
				CE95327E2C9829E60097F670 /* Assets.xcassets */,
				CE9532802C9829E60097F670 /* Preview Content */,
			);
			path = profile42;
			sourceTree = "<group>";
		};
		CE9532802C9829E60097F670 /* Preview Content */ = {
			isa = PBXGroup;
			children = (
				CE9532812C9829E60097F670 /* Preview Assets.xcassets */,
			);
			path = "Preview Content";
			sourceTree = "<group>";
		};
		CE95328A2C9829E60097F670 /* profile42Tests */ = {
			isa = PBXGroup;
			children = (
				CE95328B2C9829E60097F670 /* profile42Tests.swift */,
			);
			path = profile42Tests;
			sourceTree = "<group>";
		};
		CE9532942C9829E60097F670 /* profile42UITests */ = {
			isa = PBXGroup;
			children = (
				CE9532952C9829E60097F670 /* profile42UITests.swift */,
				CE9532972C9829E60097F670 /* profile42UITestsLaunchTests.swift */,
			);
			path = profile42UITests;
			sourceTree = "<group>";
		};
/* End PBXGroup section */

/* Begin PBXNativeTarget section */
		CE9532762C9829E50097F670 /* profile42 */ = {
			isa = PBXNativeTarget;
			buildConfigurationList = CE95329B2C9829E60097F670 /* Build configuration list for PBXNativeTarget "profile42" */;
			buildPhases = (
				CE9532732C9829E50097F670 /* Sources */,
				CE9532742C9829E50097F670 /* Frameworks */,
				CE9532752C9829E50097F670 /* Resources */,
			);
			buildRules = (
			);
			dependencies = (
			);
			name = profile42;
			productName = profile42;
			productReference = CE9532772C9829E50097F670 /* profile42.app */;
			productType = "com.apple.product-type.application";
		};
		CE9532862C9829E60097F670 /* profile42Tests */ = {
			isa = PBXNativeTarget;
			buildConfigurationList = CE95329E2C9829E60097F670 /* Build configuration list for PBXNativeTarget "profile42Tests" */;
			buildPhases = (
				CE9532832C9829E60097F670 /* Sources */,
				CE9532842C9829E60097F670 /* Frameworks */,
				CE9532852C9829E60097F670 /* Resources */,
			);
			buildRules = (
			);
			dependencies = (
				CE9532892C9829E60097F670 /* PBXTargetDependency */,
			);
			name = profile42Tests;
			productName = profile42Tests;
			productReference = CE9532872C9829E60097F670 /* profile42Tests.xctest */;
			productType = "com.apple.product-type.bundle.unit-test";
		};
		CE9532902C9829E60097F670 /* profile42UITests */ = {
			isa = PBXNativeTarget;
			buildConfigurationList = CE9532A12C9829E60097F670 /* Build configuration list for PBXNativeTarget "profile42UITests" */;
			buildPhases = (
				CE95328D2C9829E60097F670 /* Sources */,
				CE95328E2C9829E60097F670 /* Frameworks */,
				CE95328F2C9829E60097F670 /* Resources */,
			);
			buildRules = (
			);
			dependencies = (
				CE9532932C9829E60097F670 /* PBXTargetDependency */,
			);
			name = profile42UITests;
			productName = profile42UITests;
			productReference = CE9532912C9829E60097F670 /* profile42UITests.xctest */;
			productType = "com.apple.product-type.bundle.ui-testing";
		};
/* End PBXNativeTarget section */

/* Begin PBXProject section */
		CE95326F2C9829E50097F670 /* Project object */ = {
			isa = PBXProject;
			attributes = {
				BuildIndependentTargetsInParallel = 1;
				LastSwiftUpdateCheck = 1540;
				LastUpgradeCheck = 1540;
				TargetAttributes = {
					CE9532762C9829E50097F670 = {
						CreatedOnToolsVersion = 15.4;
					};
					CE9532862C9829E60097F670 = {
						CreatedOnToolsVersion = 15.4;
						TestTargetID = CE9532762C9829E50097F670;
					};
					CE9532902C9829E60097F670 = {
						CreatedOnToolsVersion = 15.4;
						TestTargetID = CE9532762C9829E50097F670;
					};
				};
			};
			buildConfigurationList = CE9532722C9829E50097F670 /* Build configuration list for PBXProject "profile42" */;
			compatibilityVersion = "Xcode 14.0";
			developmentRegion = en;
			hasScannedForEncodings = 0;
			knownRegions = (
				en,
				Base,
			);
			mainGroup = CE95326E2C9829E50097F670;
			productRefGroup = CE9532782C9829E50097F670 /* Products */;
			projectDirPath = "";
			projectRoot = "";
			targets = (
				CE9532762C9829E50097F670 /* profile42 */,
				CE9532862C9829E60097F670 /* profile42Tests */,
				CE9532902C9829E60097F670 /* profile42UITests */,
			);
		};
/* End PBXProject section */

/* Begin PBXResourcesBuildPhase section */
		CE9532752C9829E50097F670 /* Resources */ = {
			isa = PBXResourcesBuildPhase;
			buildActionMask = 2147483647;
			files = (
				CE4222D62C98564100A6ECD8 /* .gitignore in Resources */,
				CE9532B02C984FF20097F670 /* API-Info.plist in Resources */,
				CE9532822C9829E60097F670 /* Preview Assets.xcassets in Resources */,
				CE95327F2C9829E60097F670 /* Assets.xcassets in Resources */,
			);
			runOnlyForDeploymentPostprocessing = 0;
		};
		CE9532852C9829E60097F670 /* Resources */ = {
			isa = PBXResourcesBuildPhase;
			buildActionMask = 2147483647;
			files = (
			);
			runOnlyForDeploymentPostprocessing = 0;
		};
		CE95328F2C9829E60097F670 /* Resources */ = {
			isa = PBXResourcesBuildPhase;
			buildActionMask = 2147483647;
			files = (
			);
			runOnlyForDeploymentPostprocessing = 0;
		};
/* End PBXResourcesBuildPhase section */

/* Begin PBXSourcesBuildPhase section */
		CE9532732C9829E50097F670 /* Sources */ = {
			isa = PBXSourcesBuildPhase;
			buildActionMask = 2147483647;
			files = (
				CE95327D2C9829E50097F670 /* ContentView.swift in Sources */,
				CE9532A92C982F7C0097F670 /* AuthManager.swift in Sources */,
				CE9532AD2C982FF00097F670 /* AuthViewController.swift in Sources */,
				CE9532AB2C982F980097F670 /* AuthResponse.swift in Sources */,
				CE95327B2C9829E50097F670 /* profile42App.swift in Sources */,
			);
			runOnlyForDeploymentPostprocessing = 0;
		};
		CE9532832C9829E60097F670 /* Sources */ = {
			isa = PBXSourcesBuildPhase;
			buildActionMask = 2147483647;
			files = (
				CE95328C2C9829E60097F670 /* profile42Tests.swift in Sources */,
			);
			runOnlyForDeploymentPostprocessing = 0;
		};
		CE95328D2C9829E60097F670 /* Sources */ = {
			isa = PBXSourcesBuildPhase;
			buildActionMask = 2147483647;
			files = (
				CE9532982C9829E60097F670 /* profile42UITestsLaunchTests.swift in Sources */,
				CE9532962C9829E60097F670 /* profile42UITests.swift in Sources */,
			);
			runOnlyForDeploymentPostprocessing = 0;
		};
/* End PBXSourcesBuildPhase section */

/* Begin PBXTargetDependency section */
		CE9532892C9829E60097F670 /* PBXTargetDependency */ = {
			isa = PBXTargetDependency;
			target = CE9532762C9829E50097F670 /* profile42 */;
			targetProxy = CE9532882C9829E60097F670 /* PBXContainerItemProxy */;
		};
		CE9532932C9829E60097F670 /* PBXTargetDependency */ = {
			isa = PBXTargetDependency;
			target = CE9532762C9829E50097F670 /* profile42 */;
			targetProxy = CE9532922C9829E60097F670 /* PBXContainerItemProxy */;
		};
/* End PBXTargetDependency section */

/* Begin XCBuildConfiguration section */
		CE9532992C9829E60097F670 /* Debug */ = {
			isa = XCBuildConfiguration;
			buildSettings = {
				ALWAYS_SEARCH_USER_PATHS = NO;
				ASSETCATALOG_COMPILER_GENERATE_SWIFT_ASSET_SYMBOL_EXTENSIONS = YES;
				CLANG_ANALYZER_NONNULL = YES;
				CLANG_ANALYZER_NUMBER_OBJECT_CONVERSION = YES_AGGRESSIVE;
				CLANG_CXX_LANGUAGE_STANDARD = "gnu++20";
				CLANG_ENABLE_MODULES = YES;
				CLANG_ENABLE_OBJC_ARC = YES;
				CLANG_ENABLE_OBJC_WEAK = YES;
				CLANG_WARN_BLOCK_CAPTURE_AUTORELEASING = YES;
				CLANG_WARN_BOOL_CONVERSION = YES;
				CLANG_WARN_COMMA = YES;
				CLANG_WARN_CONSTANT_CONVERSION = YES;
				CLANG_WARN_DEPRECATED_OBJC_IMPLEMENTATIONS = YES;
				CLANG_WARN_DIRECT_OBJC_ISA_USAGE = YES_ERROR;
				CLANG_WARN_DOCUMENTATION_COMMENTS = YES;
				CLANG_WARN_EMPTY_BODY = YES;
				CLANG_WARN_ENUM_CONVERSION = YES;
				CLANG_WARN_INFINITE_RECURSION = YES;
				CLANG_WARN_INT_CONVERSION = YES;
				CLANG_WARN_NON_LITERAL_NULL_CONVERSION = YES;
				CLANG_WARN_OBJC_IMPLICIT_RETAIN_SELF = YES;
				CLANG_WARN_OBJC_LITERAL_CONVERSION = YES;
				CLANG_WARN_OBJC_ROOT_CLASS = YES_ERROR;
				CLANG_WARN_QUOTED_INCLUDE_IN_FRAMEWORK_HEADER = YES;
				CLANG_WARN_RANGE_LOOP_ANALYSIS = YES;
				CLANG_WARN_STRICT_PROTOTYPES = YES;
				CLANG_WARN_SUSPICIOUS_MOVE = YES;
				CLANG_WARN_UNGUARDED_AVAILABILITY = YES_AGGRESSIVE;
				CLANG_WARN_UNREACHABLE_CODE = YES;
				CLANG_WARN__DUPLICATE_METHOD_MATCH = YES;
				COPY_PHASE_STRIP = NO;
				DEBUG_INFORMATION_FORMAT = dwarf;
				ENABLE_STRICT_OBJC_MSGSEND = YES;
				ENABLE_TESTABILITY = YES;
				ENABLE_USER_SCRIPT_SANDBOXING = YES;
				GCC_C_LANGUAGE_STANDARD = gnu17;
				GCC_DYNAMIC_NO_PIC = NO;
				GCC_NO_COMMON_BLOCKS = YES;
				GCC_OPTIMIZATION_LEVEL = 0;
				GCC_PREPROCESSOR_DEFINITIONS = (
					"DEBUG=1",
					"$(inherited)",
				);
				GCC_WARN_64_TO_32_BIT_CONVERSION = YES;
				GCC_WARN_ABOUT_RETURN_TYPE = YES_ERROR;
				GCC_WARN_UNDECLARED_SELECTOR = YES;
				GCC_WARN_UNINITIALIZED_AUTOS = YES_AGGRESSIVE;
				GCC_WARN_UNUSED_FUNCTION = YES;
				GCC_WARN_UNUSED_VARIABLE = YES;
				IPHONEOS_DEPLOYMENT_TARGET = 17.5;
				LOCALIZATION_PREFERS_STRING_CATALOGS = YES;
				MTL_ENABLE_DEBUG_INFO = INCLUDE_SOURCE;
				MTL_FAST_MATH = YES;
				ONLY_ACTIVE_ARCH = YES;
				SDKROOT = iphoneos;
				SWIFT_ACTIVE_COMPILATION_CONDITIONS = "DEBUG $(inherited)";
				SWIFT_OPTIMIZATION_LEVEL = "-Onone";
			};
			name = Debug;
		};
		CE95329A2C9829E60097F670 /* Release */ = {
			isa = XCBuildConfiguration;
			buildSettings = {
				ALWAYS_SEARCH_USER_PATHS = NO;
				ASSETCATALOG_COMPILER_GENERATE_SWIFT_ASSET_SYMBOL_EXTENSIONS = YES;
				CLANG_ANALYZER_NONNULL = YES;
				CLANG_ANALYZER_NUMBER_OBJECT_CONVERSION = YES_AGGRESSIVE;
				CLANG_CXX_LANGUAGE_STANDARD = "gnu++20";
				CLANG_ENABLE_MODULES = YES;
				CLANG_ENABLE_OBJC_ARC = YES;
				CLANG_ENABLE_OBJC_WEAK = YES;
				CLANG_WARN_BLOCK_CAPTURE_AUTORELEASING = YES;
				CLANG_WARN_BOOL_CONVERSION = YES;
				CLANG_WARN_COMMA = YES;
				CLANG_WARN_CONSTANT_CONVERSION = YES;
				CLANG_WARN_DEPRECATED_OBJC_IMPLEMENTATIONS = YES;
				CLANG_WARN_DIRECT_OBJC_ISA_USAGE = YES_ERROR;
				CLANG_WARN_DOCUMENTATION_COMMENTS = YES;
				CLANG_WARN_EMPTY_BODY = YES;
				CLANG_WARN_ENUM_CONVERSION = YES;
				CLANG_WARN_INFINITE_RECURSION = YES;
				CLANG_WARN_INT_CONVERSION = YES;
				CLANG_WARN_NON_LITERAL_NULL_CONVERSION = YES;
				CLANG_WARN_OBJC_IMPLICIT_RETAIN_SELF = YES;
				CLANG_WARN_OBJC_LITERAL_CONVERSION = YES;
				CLANG_WARN_OBJC_ROOT_CLASS = YES_ERROR;
				CLANG_WARN_QUOTED_INCLUDE_IN_FRAMEWORK_HEADER = YES;
				CLANG_WARN_RANGE_LOOP_ANALYSIS = YES;
				CLANG_WARN_STRICT_PROTOTYPES = YES;
				CLANG_WARN_SUSPICIOUS_MOVE = YES;
				CLANG_WARN_UNGUARDED_AVAILABILITY = YES_AGGRESSIVE;
				CLANG_WARN_UNREACHABLE_CODE = YES;
				CLANG_WARN__DUPLICATE_METHOD_MATCH = YES;
				COPY_PHASE_STRIP = NO;
				DEBUG_INFORMATION_FORMAT = "dwarf-with-dsym";
				ENABLE_NS_ASSERTIONS = NO;
				ENABLE_STRICT_OBJC_MSGSEND = YES;
				ENABLE_USER_SCRIPT_SANDBOXING = YES;
				GCC_C_LANGUAGE_STANDARD = gnu17;
				GCC_NO_COMMON_BLOCKS = YES;
				GCC_WARN_64_TO_32_BIT_CONVERSION = YES;
				GCC_WARN_ABOUT_RETURN_TYPE = YES_ERROR;
				GCC_WARN_UNDECLARED_SELECTOR = YES;
				GCC_WARN_UNINITIALIZED_AUTOS = YES_AGGRESSIVE;
				GCC_WARN_UNUSED_FUNCTION = YES;
				GCC_WARN_UNUSED_VARIABLE = YES;
				IPHONEOS_DEPLOYMENT_TARGET = 17.5;
				LOCALIZATION_PREFERS_STRING_CATALOGS = YES;
				MTL_ENABLE_DEBUG_INFO = NO;
				MTL_FAST_MATH = YES;
				SDKROOT = iphoneos;
				SWIFT_COMPILATION_MODE = wholemodule;
				VALIDATE_PRODUCT = YES;
			};
			name = Release;
		};
		CE95329C2C9829E60097F670 /* Debug */ = {
			isa = XCBuildConfiguration;
			buildSettings = {
				ASSETCATALOG_COMPILER_APPICON_NAME = AppIcon;
				ASSETCATALOG_COMPILER_GLOBAL_ACCENT_COLOR_NAME = AccentColor;
				CODE_SIGN_STYLE = Automatic;
				CURRENT_PROJECT_VERSION = 1;
				DEVELOPMENT_ASSET_PATHS = "\"profile42/Preview Content\"";
				DEVELOPMENT_TEAM = T6PF4S9ABL;
				ENABLE_PREVIEWS = YES;
				GENERATE_INFOPLIST_FILE = YES;
				INFOPLIST_FILE = profile42/Info.plist;
				INFOPLIST_KEY_LSApplicationCategoryType = "";
				INFOPLIST_KEY_UIApplicationSceneManifest_Generation = YES;
				INFOPLIST_KEY_UIApplicationSupportsIndirectInputEvents = YES;
				INFOPLIST_KEY_UILaunchScreen_Generation = YES;
				INFOPLIST_KEY_UISupportedInterfaceOrientations_iPad = "UIInterfaceOrientationPortrait UIInterfaceOrientationPortraitUpsideDown UIInterfaceOrientationLandscapeLeft UIInterfaceOrientationLandscapeRight";
				INFOPLIST_KEY_UISupportedInterfaceOrientations_iPhone = "UIInterfaceOrientationPortrait UIInterfaceOrientationLandscapeLeft UIInterfaceOrientationLandscapeRight";
				LD_RUNPATH_SEARCH_PATHS = (
					"$(inherited)",
					"@executable_path/Frameworks",
				);
				MARKETING_VERSION = 1.0;
				PRODUCT_BUNDLE_IDENTIFIER = com.tgiraudo.profile42;
				PRODUCT_NAME = "$(TARGET_NAME)";
				SWIFT_EMIT_LOC_STRINGS = YES;
				SWIFT_VERSION = 5.0;
				TARGETED_DEVICE_FAMILY = "1,2";
			};
			name = Debug;
		};
		CE95329D2C9829E60097F670 /* Release */ = {
			isa = XCBuildConfiguration;
			buildSettings = {
				ASSETCATALOG_COMPILER_APPICON_NAME = AppIcon;
				ASSETCATALOG_COMPILER_GLOBAL_ACCENT_COLOR_NAME = AccentColor;
				CODE_SIGN_STYLE = Automatic;
				CURRENT_PROJECT_VERSION = 1;
				DEVELOPMENT_ASSET_PATHS = "\"profile42/Preview Content\"";
				DEVELOPMENT_TEAM = T6PF4S9ABL;
				ENABLE_PREVIEWS = YES;
				GENERATE_INFOPLIST_FILE = YES;
				INFOPLIST_FILE = profile42/Info.plist;
				INFOPLIST_KEY_LSApplicationCategoryType = "";
				INFOPLIST_KEY_UIApplicationSceneManifest_Generation = YES;
				INFOPLIST_KEY_UIApplicationSupportsIndirectInputEvents = YES;
				INFOPLIST_KEY_UILaunchScreen_Generation = YES;
				INFOPLIST_KEY_UISupportedInterfaceOrientations_iPad = "UIInterfaceOrientationPortrait UIInterfaceOrientationPortraitUpsideDown UIInterfaceOrientationLandscapeLeft UIInterfaceOrientationLandscapeRight";
				INFOPLIST_KEY_UISupportedInterfaceOrientations_iPhone = "UIInterfaceOrientationPortrait UIInterfaceOrientationLandscapeLeft UIInterfaceOrientationLandscapeRight";
				LD_RUNPATH_SEARCH_PATHS = (
					"$(inherited)",
					"@executable_path/Frameworks",
				);
				MARKETING_VERSION = 1.0;
				PRODUCT_BUNDLE_IDENTIFIER = com.tgiraudo.profile42;
				PRODUCT_NAME = "$(TARGET_NAME)";
				SWIFT_EMIT_LOC_STRINGS = YES;
				SWIFT_VERSION = 5.0;
				TARGETED_DEVICE_FAMILY = "1,2";
			};
			name = Release;
		};
		CE95329F2C9829E60097F670 /* Debug */ = {
			isa = XCBuildConfiguration;
			buildSettings = {
				ALWAYS_EMBED_SWIFT_STANDARD_LIBRARIES = YES;
				BUNDLE_LOADER = "$(TEST_HOST)";
				CODE_SIGN_STYLE = Automatic;
				CURRENT_PROJECT_VERSION = 1;
				DEVELOPMENT_TEAM = T6PF4S9ABL;
				GENERATE_INFOPLIST_FILE = YES;
				IPHONEOS_DEPLOYMENT_TARGET = 17.5;
				MARKETING_VERSION = 1.0;
				PRODUCT_BUNDLE_IDENTIFIER = thibaultgiraudon.profile42Tests;
				PRODUCT_NAME = "$(TARGET_NAME)";
				SWIFT_EMIT_LOC_STRINGS = NO;
				SWIFT_VERSION = 5.0;
				TARGETED_DEVICE_FAMILY = "1,2";
				TEST_HOST = "$(BUILT_PRODUCTS_DIR)/profile42.app/$(BUNDLE_EXECUTABLE_FOLDER_PATH)/profile42";
			};
			name = Debug;
		};
		CE9532A02C9829E60097F670 /* Release */ = {
			isa = XCBuildConfiguration;
			buildSettings = {
				ALWAYS_EMBED_SWIFT_STANDARD_LIBRARIES = YES;
				BUNDLE_LOADER = "$(TEST_HOST)";
				CODE_SIGN_STYLE = Automatic;
				CURRENT_PROJECT_VERSION = 1;
				DEVELOPMENT_TEAM = T6PF4S9ABL;
				GENERATE_INFOPLIST_FILE = YES;
				IPHONEOS_DEPLOYMENT_TARGET = 17.5;
				MARKETING_VERSION = 1.0;
				PRODUCT_BUNDLE_IDENTIFIER = thibaultgiraudon.profile42Tests;
				PRODUCT_NAME = "$(TARGET_NAME)";
				SWIFT_EMIT_LOC_STRINGS = NO;
				SWIFT_VERSION = 5.0;
				TARGETED_DEVICE_FAMILY = "1,2";
				TEST_HOST = "$(BUILT_PRODUCTS_DIR)/profile42.app/$(BUNDLE_EXECUTABLE_FOLDER_PATH)/profile42";
			};
			name = Release;
		};
		CE9532A22C9829E60097F670 /* Debug */ = {
			isa = XCBuildConfiguration;
			buildSettings = {
				ALWAYS_EMBED_SWIFT_STANDARD_LIBRARIES = YES;
				CODE_SIGN_STYLE = Automatic;
				CURRENT_PROJECT_VERSION = 1;
				DEVELOPMENT_TEAM = T6PF4S9ABL;
				GENERATE_INFOPLIST_FILE = YES;
				MARKETING_VERSION = 1.0;
				PRODUCT_BUNDLE_IDENTIFIER = thibaultgiraudon.profile42UITests;
				PRODUCT_NAME = "$(TARGET_NAME)";
				SWIFT_EMIT_LOC_STRINGS = NO;
				SWIFT_VERSION = 5.0;
				TARGETED_DEVICE_FAMILY = "1,2";
				TEST_TARGET_NAME = profile42;
			};
			name = Debug;
		};
		CE9532A32C9829E60097F670 /* Release */ = {
			isa = XCBuildConfiguration;
			buildSettings = {
				ALWAYS_EMBED_SWIFT_STANDARD_LIBRARIES = YES;
				CODE_SIGN_STYLE = Automatic;
				CURRENT_PROJECT_VERSION = 1;
				DEVELOPMENT_TEAM = T6PF4S9ABL;
				GENERATE_INFOPLIST_FILE = YES;
				MARKETING_VERSION = 1.0;
				PRODUCT_BUNDLE_IDENTIFIER = thibaultgiraudon.profile42UITests;
				PRODUCT_NAME = "$(TARGET_NAME)";
				SWIFT_EMIT_LOC_STRINGS = NO;
				SWIFT_VERSION = 5.0;
				TARGETED_DEVICE_FAMILY = "1,2";
				TEST_TARGET_NAME = profile42;
			};
			name = Release;
		};
/* End XCBuildConfiguration section */

/* Begin XCConfigurationList section */
		CE9532722C9829E50097F670 /* Build configuration list for PBXProject "profile42" */ = {
			isa = XCConfigurationList;
			buildConfigurations = (
				CE9532992C9829E60097F670 /* Debug */,
				CE95329A2C9829E60097F670 /* Release */,
			);
			defaultConfigurationIsVisible = 0;
			defaultConfigurationName = Release;
		};
		CE95329B2C9829E60097F670 /* Build configuration list for PBXNativeTarget "profile42" */ = {
			isa = XCConfigurationList;
			buildConfigurations = (
				CE95329C2C9829E60097F670 /* Debug */,
				CE95329D2C9829E60097F670 /* Release */,
			);
			defaultConfigurationIsVisible = 0;
			defaultConfigurationName = Release;
		};
		CE95329E2C9829E60097F670 /* Build configuration list for PBXNativeTarget "profile42Tests" */ = {
			isa = XCConfigurationList;
			buildConfigurations = (
				CE95329F2C9829E60097F670 /* Debug */,
				CE9532A02C9829E60097F670 /* Release */,
			);
			defaultConfigurationIsVisible = 0;
			defaultConfigurationName = Release;
		};
		CE9532A12C9829E60097F670 /* Build configuration list for PBXNativeTarget "profile42UITests" */ = {
			isa = XCConfigurationList;
			buildConfigurations = (
				CE9532A22C9829E60097F670 /* Debug */,
				CE9532A32C9829E60097F670 /* Release */,
			);
			defaultConfigurationIsVisible = 0;
			defaultConfigurationName = Release;
		};
/* End XCConfigurationList section */
	};
	rootObject = CE95326F2C9829E50097F670 /* Project object */;
}
